Microsoft Visual Studio Solution File, Format Version 12.00
# Visual Studio Version 16
VisualStudioVersion = 16.0.29911.84
MinimumVisualStudioVersion = 10.0.40219.1
Project("{9A19103F-16F7-4668-BE54-9A1E7A4F7556}") = "Engine.Launcher", "Engine.Launcher\Engine.Launcher.csproj", "{9DC5384C-0FBF-4986-BBD4-9DC79F006938}"
EndProject
Project("{9A19103F-16F7-4668-BE54-9A1E7A4F7556}") = "Engine", "Engine\Engine.csproj", "{9BFBA3A1-21D4-4CBD-B0E1-A4F3AB80FD30}"
EndProject
Project("{9A19103F-16F7-4668-BE54-9A1E7A4F7556}") = "Editor", "Editor\Editor.csproj", "{AE9BC745-284F-569F-82AA-C43AB9425DF2}"
EndProject
Project("{2150E333-8FDC-42A3-9474-1A3956D46DE8}") = "BEPU", "BEPU", "{44691BAD-0B47-48DE-B335-10752D081C2E}"
EndProject
Project("{9A19103F-16F7-4668-BE54-9A1E7A4F7556}") = "BEPUphysics", "BEPU\BEPUphysics\BEPUphysics.csproj", "{C0D52C9F-14B8-4008-8DDC-109C27561A5C}"
EndProject
Project("{9A19103F-16F7-4668-BE54-9A1E7A4F7556}") = "BEPUutilities", "BEPU\BEPUutilities\BEPUutilities.csproj", "{34853DEA-43A6-4F2F-A379-D1EE04D256D2}"
EndProject
Project("{2150E333-8FDC-42A3-9474-1A3956D46DE8}") = "ext", "ext", "{B34CE0C3-A04F-48E8-A571-E6967C333083}"
EndProject
Project("{9A19103F-16F7-4668-BE54-9A1E7A4F7556}") = "Veldrid", "..\ext\veldrid\src\Veldrid\Veldrid.csproj", "{86D05835-DBA0-4EA6-B09D-D827F1519B0F}"
EndProject
Project("{9A19103F-16F7-4668-BE54-9A1E7A4F7556}") = "Veldrid.Assets", "..\ext\veldrid\src\Veldrid.Assets\Veldrid.Assets.csproj", "{8234B23F-A9EA-4A0A-B6BD-AFF6F0A1ADF4}"
EndProject
Project("{9A19103F-16F7-4668-BE54-9A1E7A4F7556}") = "ImGui.NET", "..\ext\imgui.net\src\ImGui.NET\ImGui.NET.csproj", "{9DD0AFC5-FAB7-4915-87E2-2713BBA9BD71}"
EndProject
Project("{9A19103F-16F7-4668-BE54-9A1E7A4F7556}") = "SharpFont.NETCore", "..\ext\sharpfont\SharpFont\SharpFont.NETCore.csproj", "{09980C87-53B5-4A19-B9AD-C3BBEEB852D9}"
EndProject
Project("{2150E333-8FDC-42A3-9474-1A3956D46DE8}") = "Veldrid", "Veldrid", "{9FFA1FB8-17FC-428D-81B4-1E0BABFEA883}"
EndProject
Global
	GlobalSection(SolutionConfigurationPlatforms) = preSolution
		Debug|Any CPU = Debug|Any CPU
		Release|Any CPU = Release|Any CPU
	EndGlobalSection
	GlobalSection(ProjectConfigurationPlatforms) = postSolution
		{9DC5384C-0FBF-4986-BBD4-9DC79F006938}.Debug|Any CPU.ActiveCfg = Debug|Any CPU
		{9DC5384C-0FBF-4986-BBD4-9DC79F006938}.Debug|Any CPU.Build.0 = Debug|Any CPU
		{9DC5384C-0FBF-4986-BBD4-9DC79F006938}.Release|Any CPU.ActiveCfg = Release|Any CPU
		{9DC5384C-0FBF-4986-BBD4-9DC79F006938}.Release|Any CPU.Build.0 = Release|Any CPU
		{9BFBA3A1-21D4-4CBD-B0E1-A4F3AB80FD30}.Debug|Any CPU.ActiveCfg = Debug|Any CPU
		{9BFBA3A1-21D4-4CBD-B0E1-A4F3AB80FD30}.Debug|Any CPU.Build.0 = Debug|Any CPU
		{9BFBA3A1-21D4-4CBD-B0E1-A4F3AB80FD30}.Release|Any CPU.ActiveCfg = Release|Any CPU
		{9BFBA3A1-21D4-4CBD-B0E1-A4F3AB80FD30}.Release|Any CPU.Build.0 = Release|Any CPU
		{AE9BC745-284F-569F-82AA-C43AB9425DF2}.Debug|Any CPU.ActiveCfg = Debug|Any CPU
		{AE9BC745-284F-569F-82AA-C43AB9425DF2}.Debug|Any CPU.Build.0 = Debug|Any CPU
		{AE9BC745-284F-569F-82AA-C43AB9425DF2}.Release|Any CPU.ActiveCfg = Release|Any CPU
		{AE9BC745-284F-569F-82AA-C43AB9425DF2}.Release|Any CPU.Build.0 = Release|Any CPU
		{C0D52C9F-14B8-4008-8DDC-109C27561A5C}.Debug|Any CPU.ActiveCfg = Debug|Any CPU
		{C0D52C9F-14B8-4008-8DDC-109C27561A5C}.Debug|Any CPU.Build.0 = Debug|Any CPU
		{C0D52C9F-14B8-4008-8DDC-109C27561A5C}.Release|Any CPU.ActiveCfg = Release|Any CPU
		{C0D52C9F-14B8-4008-8DDC-109C27561A5C}.Release|Any CPU.Build.0 = Release|Any CPU
		{34853DEA-43A6-4F2F-A379-D1EE04D256D2}.Debug|Any CPU.ActiveCfg = Debug|Any CPU
		{34853DEA-43A6-4F2F-A379-D1EE04D256D2}.Debug|Any CPU.Build.0 = Debug|Any CPU
		{34853DEA-43A6-4F2F-A379-D1EE04D256D2}.Release|Any CPU.ActiveCfg = Release|Any CPU
		{34853DEA-43A6-4F2F-A379-D1EE04D256D2}.Release|Any CPU.Build.0 = Release|Any CPU
		{86D05835-DBA0-4EA6-B09D-D827F1519B0F}.Debug|Any CPU.ActiveCfg = Debug|Any CPU
		{86D05835-DBA0-4EA6-B09D-D827F1519B0F}.Debug|Any CPU.Build.0 = Debug|Any CPU
		{86D05835-DBA0-4EA6-B09D-D827F1519B0F}.Release|Any CPU.ActiveCfg = Release|Any CPU
		{86D05835-DBA0-4EA6-B09D-D827F1519B0F}.Release|Any CPU.Build.0 = Release|Any CPU
		{8234B23F-A9EA-4A0A-B6BD-AFF6F0A1ADF4}.Debug|Any CPU.ActiveCfg = Debug|Any CPU
		{8234B23F-A9EA-4A0A-B6BD-AFF6F0A1ADF4}.Debug|Any CPU.Build.0 = Debug|Any CPU
		{8234B23F-A9EA-4A0A-B6BD-AFF6F0A1ADF4}.Release|Any CPU.ActiveCfg = Release|Any CPU
		{8234B23F-A9EA-4A0A-B6BD-AFF6F0A1ADF4}.Release|Any CPU.Build.0 = Release|Any CPU
		{9DD0AFC5-FAB7-4915-87E2-2713BBA9BD71}.Debug|Any CPU.ActiveCfg = Debug|Any CPU
		{9DD0AFC5-FAB7-4915-87E2-2713BBA9BD71}.Debug|Any CPU.Build.0 = Debug|Any CPU
		{9DD0AFC5-FAB7-4915-87E2-2713BBA9BD71}.Release|Any CPU.ActiveCfg = Release|Any CPU
		{9DD0AFC5-FAB7-4915-87E2-2713BBA9BD71}.Release|Any CPU.Build.0 = Release|Any CPU
		{09980C87-53B5-4A19-B9AD-C3BBEEB852D9}.Debug|Any CPU.ActiveCfg = Debug|Any CPU
		{09980C87-53B5-4A19-B9AD-C3BBEEB852D9}.Debug|Any CPU.Build.0 = Debug|Any CPU
		{09980C87-53B5-4A19-B9AD-C3BBEEB852D9}.Release|Any CPU.ActiveCfg = Release|Any CPU
		{09980C87-53B5-4A19-B9AD-C3BBEEB852D9}.Release|Any CPU.Build.0 = Release|Any CPU
	EndGlobalSection
	GlobalSection(SolutionProperties) = preSolution
		HideSolutionNode = FALSE
	EndGlobalSection
	GlobalSection(NestedProjects) = preSolution
		{C0D52C9F-14B8-4008-8DDC-109C27561A5C} = {44691BAD-0B47-48DE-B335-10752D081C2E}
		{34853DEA-43A6-4F2F-A379-D1EE04D256D2} = {44691BAD-0B47-48DE-B335-10752D081C2E}
		{86D05835-DBA0-4EA6-B09D-D827F1519B0F} = {9FFA1FB8-17FC-428D-81B4-1E0BABFEA883}
		{8234B23F-A9EA-4A0A-B6BD-AFF6F0A1ADF4} = {9FFA1FB8-17FC-428D-81B4-1E0BABFEA883}
		{9DD0AFC5-FAB7-4915-87E2-2713BBA9BD71} = {B34CE0C3-A04F-48E8-A571-E6967C333083}
		{09980C87-53B5-4A19-B9AD-C3BBEEB852D9} = {B34CE0C3-A04F-48E8-A571-E6967C333083}
		{9FFA1FB8-17FC-428D-81B4-1E0BABFEA883} = {B34CE0C3-A04F-48E8-A571-E6967C333083}
	EndGlobalSection
	GlobalSection(ExtensibilityGlobals) = postSolution
		SolutionGuid = {2B69B483-A5B1-4202-B36C-2BA40B045C4B}
	EndGlobalSection
EndGlobal
